
Microsoft Visual Studio Solution File, Format Version 12.00
# Visual Studio Version 16
VisualStudioVersion = 16.0.32630.194
MinimumVisualStudioVersion = 10.0.40219.1
Project("{FAE04EC0-301F-11D3-BF4B-00C04F79EFBC}") = "AverageRollCalc", "AverageRollCalc\AverageRollCalc.csproj", "{B53EFC86-7F12-4124-BD38-DDFE9ED10DAF}"
EndProject
Global
	GlobalSection(SolutionConfigurationPlatforms) = preSolution
		Debug|Any CPU = Debug|Any CPU
		Release|Any CPU = Release|Any CPU
	EndGlobalSection
	GlobalSection(ProjectConfigurationPlatforms) = postSolution
		{B53EFC86-7F12-4124-BD38-DDFE9ED10DAF}.Debug|Any CPU.ActiveCfg = Debug|Any CPU
		{B53EFC86-7F12-4124-BD38-DDFE9ED10DAF}.Debug|Any CPU.Build.0 = Debug|Any CPU
		{B53EFC86-7F12-4124-BD38-DDFE9ED10DAF}.Release|Any CPU.ActiveCfg = Release|Any CPU
		{B53EFC86-7F12-4124-BD38-DDFE9ED10DAF}.Release|Any CPU.Build.0 = Release|Any CPU
	EndGlobalSection
	GlobalSection(SolutionProperties) = preSolution
		HideSolutionNode = FALSE
	EndGlobalSection
	GlobalSection(ExtensibilityGlobals) = postSolution
		SolutionGuid = {82284287-E932-4147-B972-7AF903B6CB7B}
	EndGlobalSection
EndGlobal
